
Microsoft Visual Studio Solution File, Format Version 12.00
# Visual Studio Version 16
VisualStudioVersion = 16.0.30330.147
MinimumVisualStudioVersion = 10.0.40219.1
Project("{9A19103F-16F7-4668-BE54-9A1E7A4F7556}") = "NC.Data", "NC.Data\NC.Data.csproj", "{410AF957-1B1B-47A4-A9B3-C13F98414897}"
EndProject
Project("{9A19103F-16F7-4668-BE54-9A1E7A4F7556}") = "NC.Domain", "NC.Domain\NC.Domain.csproj", "{5B6FDB21-6F71-482E-8374-FA753805E9AE}"
EndProject
Project("{2150E333-8FDC-42A3-9474-1A3956D46DE8}") = "1 - Application", "1 - Application", "{B855A282-6BFF-4DC5-AA5E-AF6BB73800BD}"
EndProject
Project("{2150E333-8FDC-42A3-9474-1A3956D46DE8}") = "2 - Domain", "2 - Domain", "{89C50C83-6508-48DE-A673-6A9031DA7843}"
EndProject
Project("{2150E333-8FDC-42A3-9474-1A3956D46DE8}") = "3 - Infra", "3 - Infra", "{B0DBA1A9-B26B-4CBD-A108-786C592E7D79}"
EndProject
Project("{9A19103F-16F7-4668-BE54-9A1E7A4F7556}") = "NC.Shared", "NC.Shared\NC.Shared.csproj", "{0989EF9F-B658-43E2-9B6D-03325FA2E6F7}"
EndProject
Project("{9A19103F-16F7-4668-BE54-9A1E7A4F7556}") = "NC.Api", "NC.Application\NC.Api.csproj", "{C52C250A-D6B5-4B83-8D6E-B702A283E94C}"
EndProject
Global
	GlobalSection(SolutionConfigurationPlatforms) = preSolution
		Debug|Any CPU = Debug|Any CPU
		Release|Any CPU = Release|Any CPU
	EndGlobalSection
	GlobalSection(ProjectConfigurationPlatforms) = postSolution
		{410AF957-1B1B-47A4-A9B3-C13F98414897}.Debug|Any CPU.ActiveCfg = Debug|Any CPU
		{410AF957-1B1B-47A4-A9B3-C13F98414897}.Debug|Any CPU.Build.0 = Debug|Any CPU
		{410AF957-1B1B-47A4-A9B3-C13F98414897}.Release|Any CPU.ActiveCfg = Release|Any CPU
		{410AF957-1B1B-47A4-A9B3-C13F98414897}.Release|Any CPU.Build.0 = Release|Any CPU
		{5B6FDB21-6F71-482E-8374-FA753805E9AE}.Debug|Any CPU.ActiveCfg = Debug|Any CPU
		{5B6FDB21-6F71-482E-8374-FA753805E9AE}.Debug|Any CPU.Build.0 = Debug|Any CPU
		{5B6FDB21-6F71-482E-8374-FA753805E9AE}.Release|Any CPU.ActiveCfg = Release|Any CPU
		{5B6FDB21-6F71-482E-8374-FA753805E9AE}.Release|Any CPU.Build.0 = Release|Any CPU
		{0989EF9F-B658-43E2-9B6D-03325FA2E6F7}.Debug|Any CPU.ActiveCfg = Debug|Any CPU
		{0989EF9F-B658-43E2-9B6D-03325FA2E6F7}.Debug|Any CPU.Build.0 = Debug|Any CPU
		{0989EF9F-B658-43E2-9B6D-03325FA2E6F7}.Release|Any CPU.ActiveCfg = Release|Any CPU
		{0989EF9F-B658-43E2-9B6D-03325FA2E6F7}.Release|Any CPU.Build.0 = Release|Any CPU
		{C52C250A-D6B5-4B83-8D6E-B702A283E94C}.Debug|Any CPU.ActiveCfg = Debug|Any CPU
		{C52C250A-D6B5-4B83-8D6E-B702A283E94C}.Debug|Any CPU.Build.0 = Debug|Any CPU
		{C52C250A-D6B5-4B83-8D6E-B702A283E94C}.Release|Any CPU.ActiveCfg = Release|Any CPU
		{C52C250A-D6B5-4B83-8D6E-B702A283E94C}.Release|Any CPU.Build.0 = Release|Any CPU
	EndGlobalSection
	GlobalSection(SolutionProperties) = preSolution
		HideSolutionNode = FALSE
	EndGlobalSection
	GlobalSection(NestedProjects) = preSolution
		{410AF957-1B1B-47A4-A9B3-C13F98414897} = {B0DBA1A9-B26B-4CBD-A108-786C592E7D79}
		{5B6FDB21-6F71-482E-8374-FA753805E9AE} = {89C50C83-6508-48DE-A673-6A9031DA7843}
		{0989EF9F-B658-43E2-9B6D-03325FA2E6F7} = {89C50C83-6508-48DE-A673-6A9031DA7843}
		{C52C250A-D6B5-4B83-8D6E-B702A283E94C} = {B855A282-6BFF-4DC5-AA5E-AF6BB73800BD}
	EndGlobalSection
	GlobalSection(ExtensibilityGlobals) = postSolution
		SolutionGuid = {6CE3218B-6F6E-490B-8453-6A2CFC93FF4D}
	EndGlobalSection
EndGlobal
